
Microsoft Visual Studio Solution File, Format Version 12.00
# Visual Studio Version 16
VisualStudioVersion = 16.0.30804.86
MinimumVisualStudioVersion = 10.0.40219.1
Project("{FAE04EC0-301F-11D3-BF4B-00C04F79EFBC}") = "HiveSharp", "HiveSharp.csproj", "{B007F600-F5CE-4B39-A02E-4FFD7573B69C}"
EndProject
Global
	GlobalSection(SolutionConfigurationPlatforms) = preSolution
		Debug|Any CPU = Debug|Any CPU
		Release|Any CPU = Release|Any CPU
	EndGlobalSection
	GlobalSection(ProjectConfigurationPlatforms) = postSolution
		{B007F600-F5CE-4B39-A02E-4FFD7573B69C}.Debug|Any CPU.ActiveCfg = Debug|Any CPU
		{B007F600-F5CE-4B39-A02E-4FFD7573B69C}.Debug|Any CPU.Build.0 = Debug|Any CPU
		{B007F600-F5CE-4B39-A02E-4FFD7573B69C}.Release|Any CPU.ActiveCfg = Release|Any CPU
		{B007F600-F5CE-4B39-A02E-4FFD7573B69C}.Release|Any CPU.Build.0 = Release|Any CPU
	EndGlobalSection
	GlobalSection(SolutionProperties) = preSolution
		HideSolutionNode = FALSE
	EndGlobalSection
	GlobalSection(ExtensibilityGlobals) = postSolution
		SolutionGuid = {4E563B8F-9107-4982-BC95-0981FD00470F}
	EndGlobalSection
EndGlobal
